Microsoft Visual Studio Solution File, Format Version 12.00
# Visual Studio Version 17
VisualStudioVersion = 17.12.35514.174 d17.12
MinimumVisualStudioVersion = 10.0.40219.1
Project("{FAE04EC0-301F-11D3-BF4B-00C04F79EFBC}") = "StorePatientVoiceAndData.AppHost", "StorePatientVoiceAndData.AppHost\StorePatientVoiceAndData.AppHost.csproj", "{50AE6924-7152-4FB1-B40A-5DB0B26359B6}"
EndProject
Project("{FAE04EC0-301F-11D3-BF4B-00C04F79EFBC}") = "StorePatientVoiceAndData.ServiceDefaults", "StorePatientVoiceAndData.ServiceDefaults\StorePatientVoiceAndData.ServiceDefaults.csproj", "{8203F41C-D00F-44D5-9532-6E750EDA5F82}"
EndProject
Project("{FAE04EC0-301F-11D3-BF4B-00C04F79EFBC}") = "StorePatientVoiceAndData.ApiService", "StorePatientVoiceAndData.ApiService\StorePatientVoiceAndData.ApiService.csproj", "{C0280EE5-D19A-43E8-A83C-7BD70C148A31}"
EndProject
Project("{FAE04EC0-301F-11D3-BF4B-00C04F79EFBC}") = "StorePatientVoiceAndData.Web", "StorePatientVoiceAndData.Web\StorePatientVoiceAndData.Web.csproj", "{6C50509D-ECEB-4D86-BECC-A13E12A82453}"
EndProject
Project("{FAE04EC0-301F-11D3-BF4B-00C04F79EFBC}") = "StorePatientVoiceAndData.Tests", "StorePatientVoiceAndData.Tests\StorePatientVoiceAndData.Tests.csproj", "{EDF4DDF0-166B-45AD-8947-486D12E1EF4C}"
EndProject
Global
	GlobalSection(SolutionConfigurationPlatforms) = preSolution
		Debug|Any CPU = Debug|Any CPU
		Release|Any CPU = Release|Any CPU
	EndGlobalSection
	GlobalSection(ProjectConfigurationPlatforms) = postSolution
		{50AE6924-7152-4FB1-B40A-5DB0B26359B6}.Debug|Any CPU.ActiveCfg = Debug|Any CPU
		{50AE6924-7152-4FB1-B40A-5DB0B26359B6}.Debug|Any CPU.Build.0 = Debug|Any CPU
		{50AE6924-7152-4FB1-B40A-5DB0B26359B6}.Release|Any CPU.ActiveCfg = Release|Any CPU
		{50AE6924-7152-4FB1-B40A-5DB0B26359B6}.Release|Any CPU.Build.0 = Release|Any CPU
		{8203F41C-D00F-44D5-9532-6E750EDA5F82}.Debug|Any CPU.ActiveCfg = Debug|Any CPU
		{8203F41C-D00F-44D5-9532-6E750EDA5F82}.Debug|Any CPU.Build.0 = Debug|Any CPU
		{8203F41C-D00F-44D5-9532-6E750EDA5F82}.Release|Any CPU.ActiveCfg = Release|Any CPU
		{8203F41C-D00F-44D5-9532-6E750EDA5F82}.Release|Any CPU.Build.0 = Release|Any CPU
		{C0280EE5-D19A-43E8-A83C-7BD70C148A31}.Debug|Any CPU.ActiveCfg = Debug|Any CPU
		{C0280EE5-D19A-43E8-A83C-7BD70C148A31}.Debug|Any CPU.Build.0 = Debug|Any CPU
		{C0280EE5-D19A-43E8-A83C-7BD70C148A31}.Release|Any CPU.ActiveCfg = Release|Any CPU
		{C0280EE5-D19A-43E8-A83C-7BD70C148A31}.Release|Any CPU.Build.0 = Release|Any CPU
		{6C50509D-ECEB-4D86-BECC-A13E12A82453}.Debug|Any CPU.ActiveCfg = Debug|Any CPU
		{6C50509D-ECEB-4D86-BECC-A13E12A82453}.Debug|Any CPU.Build.0 = Debug|Any CPU
		{6C50509D-ECEB-4D86-BECC-A13E12A82453}.Release|Any CPU.ActiveCfg = Release|Any CPU
		{6C50509D-ECEB-4D86-BECC-A13E12A82453}.Release|Any CPU.Build.0 = Release|Any CPU
		{EDF4DDF0-166B-45AD-8947-486D12E1EF4C}.Debug|Any CPU.ActiveCfg = Debug|Any CPU
		{EDF4DDF0-166B-45AD-8947-486D12E1EF4C}.Debug|Any CPU.Build.0 = Debug|Any CPU
		{EDF4DDF0-166B-45AD-8947-486D12E1EF4C}.Release|Any CPU.ActiveCfg = Release|Any CPU
		{EDF4DDF0-166B-45AD-8947-486D12E1EF4C}.Release|Any CPU.Build.0 = Release|Any CPU
	EndGlobalSection
	GlobalSection(SolutionProperties) = preSolution
		HideSolutionNode = FALSE
	EndGlobalSection
EndGlobal
