
Microsoft Visual Studio Solution File, Format Version 12.00
# Visual Studio Version 17
VisualStudioVersion = 17.12.35527.113 d17.12
MinimumVisualStudioVersion = 10.0.40219.1
Project("{FAE04EC0-301F-11D3-BF4B-00C04F79EFBC}") = "StorePatientVoiceAndData", "StorePatientVoiceAndData\StorePatientVoiceAndData\StorePatientVoiceAndData.csproj", "{4FEAF9E7-95DF-4DC5-99D4-F1DFC84CAB01}"
EndProject
Project("{FAE04EC0-301F-11D3-BF4B-00C04F79EFBC}") = "StorePatientVoiceAndData.Client", "StorePatientVoiceAndData\StorePatientVoiceAndData.Client\StorePatientVoiceAndData.Client.csproj", "{E5423706-04BC-4FE1-BA46-0F9A3D5337C7}"
EndProject
Project("{FAE04EC0-301F-11D3-BF4B-00C04F79EFBC}") = "StorePatientVoiceAndData.AppHost", "StorePatientVoiceAndData.AppHost\StorePatientVoiceAndData.AppHost.csproj", "{1E6DFF94-F4EF-4832-A5B3-351554267598}"
EndProject
Project("{FAE04EC0-301F-11D3-BF4B-00C04F79EFBC}") = "StorePatientVoiceAndData.ServiceDefaults", "StorePatientVoiceAndData.ServiceDefaults\StorePatientVoiceAndData.ServiceDefaults.csproj", "{7F4A2353-CA36-47F5-B2DC-C4249B816E2D}"
EndProject
Global
	GlobalSection(SolutionConfigurationPlatforms) = preSolution
		Debug|Any CPU = Debug|Any CPU
		Release|Any CPU = Release|Any CPU
	EndGlobalSection
	GlobalSection(ProjectConfigurationPlatforms) = postSolution
		{4FEAF9E7-95DF-4DC5-99D4-F1DFC84CAB01}.Debug|Any CPU.ActiveCfg = Debug|Any CPU
		{4FEAF9E7-95DF-4DC5-99D4-F1DFC84CAB01}.Debug|Any CPU.Build.0 = Debug|Any CPU
		{4FEAF9E7-95DF-4DC5-99D4-F1DFC84CAB01}.Release|Any CPU.ActiveCfg = Release|Any CPU
		{4FEAF9E7-95DF-4DC5-99D4-F1DFC84CAB01}.Release|Any CPU.Build.0 = Release|Any CPU
		{E5423706-04BC-4FE1-BA46-0F9A3D5337C7}.Debug|Any CPU.ActiveCfg = Debug|Any CPU
		{E5423706-04BC-4FE1-BA46-0F9A3D5337C7}.Debug|Any CPU.Build.0 = Debug|Any CPU
		{E5423706-04BC-4FE1-BA46-0F9A3D5337C7}.Release|Any CPU.ActiveCfg = Release|Any CPU
		{E5423706-04BC-4FE1-BA46-0F9A3D5337C7}.Release|Any CPU.Build.0 = Release|Any CPU
		{1E6DFF94-F4EF-4832-A5B3-351554267598}.Debug|Any CPU.ActiveCfg = Debug|Any CPU
		{1E6DFF94-F4EF-4832-A5B3-351554267598}.Debug|Any CPU.Build.0 = Debug|Any CPU
		{1E6DFF94-F4EF-4832-A5B3-351554267598}.Release|Any CPU.ActiveCfg = Release|Any CPU
		{1E6DFF94-F4EF-4832-A5B3-351554267598}.Release|Any CPU.Build.0 = Release|Any CPU
		{7F4A2353-CA36-47F5-B2DC-C4249B816E2D}.Debug|Any CPU.ActiveCfg = Debug|Any CPU
		{7F4A2353-CA36-47F5-B2DC-C4249B816E2D}.Debug|Any CPU.Build.0 = Debug|Any CPU
		{7F4A2353-CA36-47F5-B2DC-C4249B816E2D}.Release|Any CPU.ActiveCfg = Release|Any CPU
		{7F4A2353-CA36-47F5-B2DC-C4249B816E2D}.Release|Any CPU.Build.0 = Release|Any CPU
	EndGlobalSection
	GlobalSection(SolutionProperties) = preSolution
		HideSolutionNode = FALSE
	EndGlobalSection
EndGlobal
